{
  "requires": true,
  "lockfileVersion": 1,
  "dependencies": {
    "extend": {
      "version": "3.0.2",
      "resolved": "https://registry.npmjs.org/extend/-/extend-3.0.2.tgz",
      "integrity": "sha512-fjquC59cD7CyW6urNXK0FBufkZcoiGG80wTuPujX590cB5Ttln20E2UB4S/WARVqhXffZl2LNgS+gQdPIIim/g=="
    },
    "mdn-browser-compat-data": {
      "version": "1.1.0",
      "resolved": "https://registry.npmjs.org/mdn-browser-compat-data/-/mdn-browser-compat-data-1.1.0.tgz",
      "integrity": "sha512-UnOo+rQMzTeH1tI0TJjKczhtG70wk4S9MADTTyjbnFrOke0pyAGlA8QZ7dIPHr7UgrgQd+xAehbGgtiJsbCidQ==",
      "requires": {
        "extend": "3.0.2"
      }
    }
  }
}
